
Microsoft Visual Studio Solution File, Format Version 12.00
# Visual Studio Version 17
VisualStudioVersion = 17.11.35327.3
MinimumVisualStudioVersion = 10.0.40219.1
Project("{FAE04EC0-301F-11D3-BF4B-00C04F79EFBC}") = "TheExpertise_Emp", "TheExpertise_Emp\TheExpertise_Emp.csproj", "{41D551AC-8836-4FA7-B6DE-1CED0DE82257}"
EndProject
Global
	GlobalSection(SolutionConfigurationPlatforms) = preSolution
		Debug|Any CPU = Debug|Any CPU
		Release|Any CPU = Release|Any CPU
	EndGlobalSection
	GlobalSection(ProjectConfigurationPlatforms) = postSolution
		{41D551AC-8836-4FA7-B6DE-1CED0DE82257}.Debug|Any CPU.ActiveCfg = Debug|Any CPU
		{41D551AC-8836-4FA7-B6DE-1CED0DE82257}.Debug|Any CPU.Build.0 = Debug|Any CPU
		{41D551AC-8836-4FA7-B6DE-1CED0DE82257}.Release|Any CPU.ActiveCfg = Release|Any CPU
		{41D551AC-8836-4FA7-B6DE-1CED0DE82257}.Release|Any CPU.Build.0 = Release|Any CPU
	EndGlobalSection
	GlobalSection(SolutionProperties) = preSolution
		HideSolutionNode = FALSE
	EndGlobalSection
	GlobalSection(ExtensibilityGlobals) = postSolution
		SolutionGuid = {A922E907-9F03-4A95-A5CE-D253A50C4BF6}
	EndGlobalSection
EndGlobal
